
Microsoft Visual Studio Solution File, Format Version 12.00
# Visual Studio 2012
Project("{FAE04EC0-301F-11D3-BF4B-00C04F79EFBC}") = "商户资料管理系统", "商户资料管理系统\商户资料管理系统.csproj", "{D06D64FD-0AD6-45D5-A6C8-2D3E337E48B2}"
EndProject
Project("{FAE04EC0-301F-11D3-BF4B-00C04F79EFBC}") = "Update", "Update\Update.csproj", "{E7ACF49D-92CE-474E-A87E-FD8B3264659C}"
EndProject
Global
	GlobalSection(SolutionConfigurationPlatforms) = preSolution
		Debug|Any CPU = Debug|Any CPU
		Release|Any CPU = Release|Any CPU
	EndGlobalSection
	GlobalSection(ProjectConfigurationPlatforms) = postSolution
		{D06D64FD-0AD6-45D5-A6C8-2D3E337E48B2}.Debug|Any CPU.ActiveCfg = Debug|Any CPU
		{D06D64FD-0AD6-45D5-A6C8-2D3E337E48B2}.Debug|Any CPU.Build.0 = Debug|Any CPU
		{D06D64FD-0AD6-45D5-A6C8-2D3E337E48B2}.Release|Any CPU.ActiveCfg = Release|Any CPU
		{D06D64FD-0AD6-45D5-A6C8-2D3E337E48B2}.Release|Any CPU.Build.0 = Release|Any CPU
		{E7ACF49D-92CE-474E-A87E-FD8B3264659C}.Debug|Any CPU.ActiveCfg = Debug|Any CPU
		{E7ACF49D-92CE-474E-A87E-FD8B3264659C}.Debug|Any CPU.Build.0 = Debug|Any CPU
		{E7ACF49D-92CE-474E-A87E-FD8B3264659C}.Release|Any CPU.ActiveCfg = Release|Any CPU
		{E7ACF49D-92CE-474E-A87E-FD8B3264659C}.Release|Any CPU.Build.0 = Release|Any CPU
	EndGlobalSection
	GlobalSection(SolutionProperties) = preSolution
		HideSolutionNode = FALSE
	EndGlobalSection
EndGlobal
