
Microsoft Visual Studio Solution File, Format Version 12.00
# Visual Studio 2012
Project("{FAE04EC0-301F-11D3-BF4B-00C04F79EFBC}") = "WinChatServer", "..\WinChatServer\WinChatServer.csproj", "{6375FB3D-B0A0-4E5E-830B-1E912C7B7140}"
EndProject
Global
	GlobalSection(SolutionConfigurationPlatforms) = preSolution
		Debug|Any CPU = Debug|Any CPU
		Release|Any CPU = Release|Any CPU
	EndGlobalSection
	GlobalSection(ProjectConfigurationPlatforms) = postSolution
		{6375FB3D-B0A0-4E5E-830B-1E912C7B7140}.Debug|Any CPU.ActiveCfg = Debug|Any CPU
		{6375FB3D-B0A0-4E5E-830B-1E912C7B7140}.Debug|Any CPU.Build.0 = Debug|Any CPU
		{6375FB3D-B0A0-4E5E-830B-1E912C7B7140}.Release|Any CPU.ActiveCfg = Release|Any CPU
		{6375FB3D-B0A0-4E5E-830B-1E912C7B7140}.Release|Any CPU.Build.0 = Release|Any CPU
	EndGlobalSection
	GlobalSection(SolutionProperties) = preSolution
		HideSolutionNode = FALSE
	EndGlobalSection
EndGlobal
